// !$*UTF8*$!
{
	archiveVersion = 1;
	classes = {
	};
	objectVersion = 77;
	objects = {

/* Begin PBXBuildFile section */
		0016E06A0DB8DB96D60B1120 /* NetworkMonitor.swift in Sources */ = {isa = PBXBuildFile; fileRef = 1EA4700FABD526A9C75347F0 /* NetworkMonitor.swift */; };
		04EA7EEB722DD6EED5070365 /* AppPreferences.swift in Sources */ = {isa = PBXBuildFile; fileRef = F9793BCC9ECF3EA84FD39503 /* AppPreferences.swift */; };
		05DC7C4E979C42FDC50E7BB7 /* NetworkTypes.swift in Sources */ = {isa = PBXBuildFile; fileRef = B7CC5AAEC6AE8A3F01DF1B12 /* NetworkTypes.swift */; };
		06BAA025645C4B6842E39213 /* StatusBarController.swift in Sources */ = {isa = PBXBuildFile; fileRef = 9AD81A7DC1AE5F5935C31875 /* StatusBarController.swift */; };
		07311CDDD3A08D9F698DE646 /* WindowEnumerator.swift in Sources */ = {isa = PBXBuildFile; fileRef = B25AC4CC7877F2072C3BAE58 /* WindowEnumerator.swift */; };
		07348C44272CD038D4BC6FE9 /* CustomMenuWindow.swift in Sources */ = {isa = PBXBuildFile; fileRef = D32360BFCB3F511CA767015E /* CustomMenuWindow.swift */; };
		08CC8EAE1EA5763B470B20B8 /* TailscaleServeStatusService.swift in Sources */ = {isa = PBXBuildFile; fileRef = 5DD71507F4C4379CA5B56E11 /* TailscaleServeStatusService.swift */; };
		095452D74420B74361801DBB /* GeneralSettingsView.swift in Sources */ = {isa = PBXBuildFile; fileRef = C5FE193738C9CAFD0DBC4A2F /* GeneralSettingsView.swift */; };
		0A2541533F7C788ED6C2D4F6 /* PermissionsSection.swift in Sources */ = {isa = PBXBuildFile; fileRef = C7BAC32DD9BC3E90FF64E92B /* PermissionsSection.swift */; };
		0BF80A9F3F8A723B18736398 /* TooltipProvider.swift in Sources */ = {isa = PBXBuildFile; fileRef = F48284EE90E92175ED32AA69 /* TooltipProvider.swift */; };
		0C8EE56BAB404279978D3C02 /* RepositoryDiscoveryService.swift in Sources */ = {isa = PBXBuildFile; fileRef = 9EEDB1E94B4F6E7CFA628ADF /* RepositoryDiscoveryService.swift */; };
		11CAC220AE30D50AF153F687 /* MenuActionBar.swift in Sources */ = {isa = PBXBuildFile; fileRef = AF141569C4D5838D60FACD98 /* MenuActionBar.swift */; };
		18E24AA6B513D923F90FDB92 /* AdvancedSettingsView.swift in Sources */ = {isa = PBXBuildFile; fileRef = D43BAEF8CF89D80C33B565BB /* AdvancedSettingsView.swift */; };
		1986C9B1C2B893F3A809464C /* SecurityPermissionsSettingsView.swift in Sources */ = {isa = PBXBuildFile; fileRef = CDC19F912FE247CB8A83894F /* SecurityPermissionsSettingsView.swift */; };
		1BB2AAA234F9A61CA93A5918 /* TerminalLauncher.swift in Sources */ = {isa = PBXBuildFile; fileRef = 498F9E8FEF3E9B8E73AA0F48 /* TerminalLauncher.swift */; };
		1CE21ABE68B0F5DF23C747CE /* TmuxIdeTests.swift in Sources */ = {isa = PBXBuildFile; fileRef = F73839F2A67A1ACCAAF024FB /* TmuxIdeTests.swift */; };
		1D850DCC9642080AAC9066F1 /* IntegrationStubs.swift in Sources */ = {isa = PBXBuildFile; fileRef = 51E270BEF4397045585592E8 /* IntegrationStubs.swift */; };
		202D395A1D8DBD0FED212969 /* EnvironmentKeys.swift in Sources */ = {isa = PBXBuildFile; fileRef = D74AC7C7A9DABBC6AA309892 /* EnvironmentKeys.swift */; };
		219C443D240B2F738DEB3822 /* SessionInfo.swift in Sources */ = {isa = PBXBuildFile; fileRef = 1FFFA6479E70D19F93E7C2F6 /* SessionInfo.swift */; };
		243000072E9D4A42D08D3028 /* WorktreeSelectionView.swift in Sources */ = {isa = PBXBuildFile; fileRef = F62CE874D864A41CD3B3B23B /* WorktreeSelectionView.swift */; };
		26CB6F85A17BE0E3ACFB96B6 /* DashboardAccessMode.swift in Sources */ = {isa = PBXBuildFile; fileRef = 80A80EA23673D60B07516530 /* DashboardAccessMode.swift */; };
		28D6D5FB25C4068CFE9B64C4 /* GitInfo.swift in Sources */ = {isa = PBXBuildFile; fileRef = 7623F15F23662067E571FDA0 /* GitInfo.swift */; };
		2B0C89A33EB95DD98E8EC2BF /* GitAppHelper.swift in Sources */ = {isa = PBXBuildFile; fileRef = D62B6838E56B4BD0A3E4781F /* GitAppHelper.swift */; };
		2B0F331AAB879A445CB55514 /* TailscaleURLHelper.swift in Sources */ = {isa = PBXBuildFile; fileRef = A0EA6F4A14EEA36F55D9C468 /* TailscaleURLHelper.swift */; };
		2B5415C94ADF930181927584 /* AXElement.swift in Sources */ = {isa = PBXBuildFile; fileRef = 2B729474EF8EF4F74C673924 /* AXElement.swift */; };
		2CF8555A15BEF162CBBCC002 /* UIStrings.swift in Sources */ = {isa = PBXBuildFile; fileRef = 505DC62EDB92475AE059BA4F /* UIStrings.swift */; };
		2DEBE669AF97F71E4D5E184E /* SystemPermissionManager.swift in Sources */ = {isa = PBXBuildFile; fileRef = AF1FC898A5E5A6F1E85C92EF /* SystemPermissionManager.swift */; };
		2EB6FC87C4C49A910A192266 /* UpdateChannel.swift in Sources */ = {isa = PBXBuildFile; fileRef = 0876A76EB1CDE9B24F45A37E /* UpdateChannel.swift */; };
		31500BCAF96A1485B3244119 /* FilePathConstants.swift in Sources */ = {isa = PBXBuildFile; fileRef = 5D25FC2D5A3F0B225778E8A7 /* FilePathConstants.swift */; };
		34219195ACB9240E2E192593 /* HelpTooltip.swift in Sources */ = {isa = PBXBuildFile; fileRef = 99709C8053AC055E77B4BB63 /* HelpTooltip.swift */; };
		38D01730FE3B871B1C08B799 /* UserDefaultsKeys.swift in Sources */ = {isa = PBXBuildFile; fileRef = E085BCC5D7B36D87E031CC17 /* UserDefaultsKeys.swift */; };
		4128BE0660CDF81EE4D3A1BE /* NSImage+Resize.swift in Sources */ = {isa = PBXBuildFile; fileRef = CBCEE7E958934A2F82EFDF8D /* NSImage+Resize.swift */; };
		4191F8E93AFEDC87F3032474 /* ErrorHandling.swift in Sources */ = {isa = PBXBuildFile; fileRef = DDD8E2386DE5BA79B3ECC6BF /* ErrorHandling.swift */; };
		4CB5ABD7A5A931C8F61CAC4F /* ViewExtensions.swift in Sources */ = {isa = PBXBuildFile; fileRef = 208F77B027CC4BF2D98C8077 /* ViewExtensions.swift */; };
		4DA804A7101CFADDFE5D87D0 /* View+Cursor.swift in Sources */ = {isa = PBXBuildFile; fileRef = 9830351550A4323D1F35FB49 /* View+Cursor.swift */; };
		4E8F7D89B79CB522043633BE /* GitRepositoryRow.swift in Sources */ = {isa = PBXBuildFile; fileRef = EE4D2BC8E0C35A23B9188D85 /* GitRepositoryRow.swift */; };
		50BCA3E13F575A04AFF33C31 /* WindowTracker.swift in Sources */ = {isa = PBXBuildFile; fileRef = 51E40C6EA5D98593B1BB67EC /* WindowTracker.swift */; };
		57E33FC6CCF47809EF4563B6 /* ShimmerView.swift in Sources */ = {isa = PBXBuildFile; fileRef = DC65E90E18B743CB50C8843A /* ShimmerView.swift */; };
		5943773037ABDC5D60535386 /* NotificationService.swift in Sources */ = {isa = PBXBuildFile; fileRef = AE580DBE2921083D55EA7373 /* NotificationService.swift */; };
		59BD073F337B43D3F7E94436 /* WindowCenteringHelper.swift in Sources */ = {isa = PBXBuildFile; fileRef = 9969E8BE0D1B0BE68B7E4761 /* WindowCenteringHelper.swift */; };
		5B341ACC9661FD64F3AD3B6A /* SettingsView.swift in Sources */ = {isa = PBXBuildFile; fileRef = 26A511F8B8914E83EA92503E /* SettingsView.swift */; };
		5C74C82FAD93A1A38DC18649 /* QuickStartSettingsSection.swift in Sources */ = {isa = PBXBuildFile; fileRef = 864F4BE514981727A0B66805 /* QuickStartSettingsSection.swift */; };
		5D55BE578335BBC116A8D9C5 /* WindowHighlightEffect.swift in Sources */ = {isa = PBXBuildFile; fileRef = D1C99AFB819ACAFC2125D405 /* WindowHighlightEffect.swift */; };
		5DA8C8A7804CE93557D2FCA6 /* StatusBarMenuManager.swift in Sources */ = {isa = PBXBuildFile; fileRef = B054DA9FA07B5240E4FAC68B /* StatusBarMenuManager.swift */; };
		60B6A8BAC57ACA93E7FC4C29 /* SettingsOpener.swift in Sources */ = {isa = PBXBuildFile; fileRef = D080A45F77304ED1C4440A6C /* SettingsOpener.swift */; };
		60D6F217FAD0227B41C53DD1 /* ConfigurationEnums.swift in Sources */ = {isa = PBXBuildFile; fileRef = 3D4AFDC4AC25736F1021789D /* ConfigurationEnums.swift */; };
		6385D938DB85C8E8FE616DA0 /* Assets.xcassets in Resources */ = {isa = PBXBuildFile; fileRef = 1A260858C1354A24D8B088D2 /* Assets.xcassets */; };
		6532CC274BE49FF8DCEB9F85 /* Worktree.swift in Sources */ = {isa = PBXBuildFile; fileRef = 0E38FF660BFC6583216F445F /* Worktree.swift */; };
		6535A886F0FA5CA8AFA3E156 /* WorktreeService.swift in Sources */ = {isa = PBXBuildFile; fileRef = AE1C6AC17A8C1FAC1432F8EC /* WorktreeService.swift */; };
		6AB8BDBA06EDB79863A72BED /* StartupManager.swift in Sources */ = {isa = PBXBuildFile; fileRef = 45AC1B891C5CBD976933A5C1 /* StartupManager.swift */; };
		6E779FC307828EDC1174F781 /* RepositorySettingsSection.swift in Sources */ = {isa = PBXBuildFile; fileRef = 5BB0AA2D7D05CB4438DA8666 /* RepositorySettingsSection.swift */; };
		7108EF6A4AD765C559395E23 /* NgrokService.swift in Sources */ = {isa = PBXBuildFile; fileRef = A13D69DC39F7E49BF57CC594 /* NgrokService.swift */; };
		73479D8D39910D873F509A15 /* GitRepository.swift in Sources */ = {isa = PBXBuildFile; fileRef = 574C60843DFD33AA856359AC /* GitRepository.swift */; };
		74A31F7A48966F51F2072371 /* AXPermissions.swift in Sources */ = {isa = PBXBuildFile; fileRef = AEE6E2AD0BD211AC8175DF98 /* AXPermissions.swift */; };
		77704DD09D487FC45F716995 /* TmuxIdeMenuView.swift in Sources */ = {isa = PBXBuildFile; fileRef = 1CE19FE2522C4C6F0C9D0E15 /* TmuxIdeMenuView.swift */; };
		78BB5C1D41B999E77864653C /* ErrorMessages.swift in Sources */ = {isa = PBXBuildFile; fileRef = 02E31A2F4AE6F660FEE2E133 /* ErrorMessages.swift */; };
		79DAF1A79C31C227D9222A30 /* NotificationNames.swift in Sources */ = {isa = PBXBuildFile; fileRef = 71E4BED41D610695BDFF3BE2 /* NotificationNames.swift */; };
		7B85C319AD1EB34E933C6680 /* SettingsViewsStubs.swift in Sources */ = {isa = PBXBuildFile; fileRef = 532FF51B50D1F0CD5A47EAE6 /* SettingsViewsStubs.swift */; };
		7B9735ABECF6ECE3BF7CAE3E /* ClickableURLView.swift in Sources */ = {isa = PBXBuildFile; fileRef = B20322BF3A75DA79C228A841 /* ClickableURLView.swift */; };
		7BA2EEC0276BA972839F8630 /* TmuxIdeApp.swift in Sources */ = {isa = PBXBuildFile; fileRef = B9026C68BD04E83F2B3D9F63 /* TmuxIdeApp.swift */; };
		7E14733D9ADB5670C8F45D88 /* EnvironmentValues+Services.swift in Sources */ = {isa = PBXBuildFile; fileRef = 86A01FE56773CD487C8847CB /* EnvironmentValues+Services.swift */; };
		7ECCC7AEA6075A5743FD4E0F /* AboutView.swift in Sources */ = {isa = PBXBuildFile; fileRef = B6CCE4072F2342D6EABC9297 /* AboutView.swift */; };
		80239956B3B2A5530142335F /* ServerConfigurationComponents.swift in Sources */ = {isa = PBXBuildFile; fileRef = E5B859B97A3C546170CCE12B /* ServerConfigurationComponents.swift */; };
		81A073C8DBA04A9D472E3163 /* QuickStartSettingsView.swift in Sources */ = {isa = PBXBuildFile; fileRef = 79AC3266A0DF3ED691E80755 /* QuickStartSettingsView.swift */; };
		821964C00B5BCEA1B9D75931 /* GitRepositoryMonitor.swift in Sources */ = {isa = PBXBuildFile; fileRef = DD5DF205B4F3CBE8586BE497 /* GitRepositoryMonitor.swift */; };
		84E0960CBE17CCC43DB6ACFD /* DebugConfig.swift in Sources */ = {isa = PBXBuildFile; fileRef = 43C3255C6A62BE719CDFD2FC /* DebugConfig.swift */; };
		8629152C4E07B64B8213F878 /* DebugSettingsView.swift in Sources */ = {isa = PBXBuildFile; fileRef = F8D5166919A88EC1F7780885 /* DebugSettingsView.swift */; };
		864A68DA5D73A111E1C4746A /* TmuxSessionMonitor.swift in Sources */ = {isa = PBXBuildFile; fileRef = CEB1AA8A2BF1BF02D8E73F6B /* TmuxSessionMonitor.swift */; };
		87945399AA5FB5C11DC6EAE8 /* AppColors.swift in Sources */ = {isa = PBXBuildFile; fileRef = EC0150F19CE64A9C7F3E4615 /* AppColors.swift */; };
		8C68B9DD1883AAF92582B3BD /* GlowingAppIcon.swift in Sources */ = {isa = PBXBuildFile; fileRef = 2661E3FEFFF77BF2D0641A4B /* GlowingAppIcon.swift */; };
		8CB9FE390E5003FECEC37A21 /* NetworkUtility.swift in Sources */ = {isa = PBXBuildFile; fileRef = 5D996C2E982EC957D7435078 /* NetworkUtility.swift */; };
		8D4927D140EAD6E00B885AF2 /* KeychainConstants.swift in Sources */ = {isa = PBXBuildFile; fileRef = 984A436DB24C263C9FE3ECD3 /* KeychainConstants.swift */; };
		8D9427352C84760B25856992 /* WindowInfo.swift in Sources */ = {isa = PBXBuildFile; fileRef = FB16D9056DAA0FE798657ACA /* WindowInfo.swift */; };
		8F24B3BB3DE5CD1FB8F19946 /* StatusBarMenuConfiguration.swift in Sources */ = {isa = PBXBuildFile; fileRef = 84BFE5682D78DEF0542AE513 /* StatusBarMenuConfiguration.swift */; };
		93408AF818951232FAD0525A /* PermissionChecker.swift in Sources */ = {isa = PBXBuildFile; fileRef = BC06487B4379D52F4DB1D22D /* PermissionChecker.swift */; };
		9771E9A550ADD7DA596EE143 /* BundleIdentifiers.swift in Sources */ = {isa = PBXBuildFile; fileRef = C1BD44A258986547FCF04598 /* BundleIdentifiers.swift */; };
		98BAB085DA7BEC406AAB87F6 /* StatusBarIconController.swift in Sources */ = {isa = PBXBuildFile; fileRef = 28E8AEDB97059198B18D09ED /* StatusBarIconController.swift */; };
		A1D23EA6B3FD8FDAD8D843AD /* APIEndpoints.swift in Sources */ = {isa = PBXBuildFile; fileRef = 88A6CFFE87EAB45E3943490C /* APIEndpoints.swift */; };
		A3B2DB69B757BF3628A6F242 /* SideRoundedRectangle.swift in Sources */ = {isa = PBXBuildFile; fileRef = 13936BFB60E4B7963CF7A2B0 /* SideRoundedRectangle.swift */; };
		A57DDE96107BDC29E2104BFC /* NotificationSettingsView.swift in Sources */ = {isa = PBXBuildFile; fileRef = 2A0E5B629AEF5C83911C6E44 /* NotificationSettingsView.swift */; };
		A7B7A2B7D39AA4B4A8A53D23 /* QuickStartCommand.swift in Sources */ = {isa = PBXBuildFile; fileRef = E1CFA0567EF5C0D0CE795E28 /* QuickStartCommand.swift */; };
		A8462AF41814A49B06DA6806 /* ProcessTracker.swift in Sources */ = {isa = PBXBuildFile; fileRef = 2F5F8E7FB845D65457C2484D /* ProcessTracker.swift */; };
		AA55BD6F0DAED242551FE4D9 /* AuthConfig.swift in Sources */ = {isa = PBXBuildFile; fileRef = ED16BF6FCB5A699317FCE926 /* AuthConfig.swift */; };
		AE7D020E2A340651CCD256CB /* MenuStyles.swift in Sources */ = {isa = PBXBuildFile; fileRef = 959142B882532B241B0156FB /* MenuStyles.swift */; };
		AE9852C60E2B8F56EA442B33 /* GitAppLauncher.swift in Sources */ = {isa = PBXBuildFile; fileRef = 98391DF1E3B55563B600D80B /* GitAppLauncher.swift */; };
		B0439297D3AE1CC640DB1CAC /* SharedComponents.swift in Sources */ = {isa = PBXBuildFile; fileRef = E76EBC9BE84E6E3F8CEFE77E /* SharedComponents.swift */; };
		B05305BE0DEF3C8D83844F61 /* SettingsTab.swift in Sources */ = {isa = PBXBuildFile; fileRef = A9036D584DAE8F12F5F38735 /* SettingsTab.swift */; };
		B06DC2AE08D24C14E9FBD783 /* WindowFocuser.swift in Sources */ = {isa = PBXBuildFile; fileRef = FEFE9E4749F53436FB7B987C /* WindowFocuser.swift */; };
		B165B84ED971E41B7A2BD109 /* TailscaleService.swift in Sources */ = {isa = PBXBuildFile; fileRef = 71087BA7BF307BB9FA65A197 /* TailscaleService.swift */; };
		B4CE57DB2234F507FA5A394F /* JSONValue.swift in Sources */ = {isa = PBXBuildFile; fileRef = ED2FE9E10B1D4304C30D3B4E /* JSONValue.swift */; };
		BB67EA14CA342BE1811567EE /* CloudflareIntegrationSection.swift in Sources */ = {isa = PBXBuildFile; fileRef = 9AE968B0F75C49154803BF6C /* CloudflareIntegrationSection.swift */; };
		BC1C35583EC1CC34CA493DD0 /* AppleScriptExecutor.swift in Sources */ = {isa = PBXBuildFile; fileRef = C17C3B51FED439D54A3E3C4E /* AppleScriptExecutor.swift */; };
		BC2BE20D566F91FE1154955E /* PathSuggestion.swift in Sources */ = {isa = PBXBuildFile; fileRef = F66BE1AB0D130FDC5EB13D21 /* PathSuggestion.swift */; };
		BE9788536D88964D694049B5 /* PowerManagementService.swift in Sources */ = {isa = PBXBuildFile; fileRef = A85AD343FE7491EC3937D18B /* PowerManagementService.swift */; };
		C0EE32AF729DF145233162A8 /* IsRunningPreviews.swift in Sources */ = {isa = PBXBuildFile; fileRef = 39646D8A8BFC36902136452E /* IsRunningPreviews.swift */; };
		C6E38D377260D986912E1EC7 /* DockIconManager.swift in Sources */ = {isa = PBXBuildFile; fileRef = 93BB60800B783B901C1BB3B5 /* DockIconManager.swift */; };
		C89FFE9E0D6D4DEF67567E77 /* URLConstants.swift in Sources */ = {isa = PBXBuildFile; fileRef = 5779D88D6796F29347BA4CDB /* URLConstants.swift */; };
		CCB913DF7C8E3DD54B00FA2C /* CommonViewModifiers.swift in Sources */ = {isa = PBXBuildFile; fileRef = D9EE2622B144737B962DEB74 /* CommonViewModifiers.swift */; };
		CEE8D865AE344A0E2509C778 /* GitBranchWorktreeSelector.swift in Sources */ = {isa = PBXBuildFile; fileRef = 333DAA5C1E5A9AAD84C2B534 /* GitBranchWorktreeSelector.swift */; };
		D0A5CCF9E6828BF5383AE03C /* Process+ParentTermination.swift in Sources */ = {isa = PBXBuildFile; fileRef = 5D1A03FD1125D5F7783C0095 /* Process+ParentTermination.swift */; };
		D38CE90914B9E3A6B58ABF6B /* WindowMatcher.swift in Sources */ = {isa = PBXBuildFile; fileRef = DFC505E43682BE575064A16F /* WindowMatcher.swift */; };
		D6038B86EA52A7FBE7BB2530 /* PortConflictResolver.swift in Sources */ = {isa = PBXBuildFile; fileRef = 03AC1199048704635E680757 /* PortConflictResolver.swift */; };
		DCC05B30B9CB13ED68237806 /* NetworkConstants.swift in Sources */ = {isa = PBXBuildFile; fileRef = 731D567BC0CD1FC55EABB76D /* NetworkConstants.swift */; };
		DED017BD96F91ADC383C8F33 /* RemoteAccessSettingsView.swift in Sources */ = {isa = PBXBuildFile; fileRef = F502F13832B3B926A3EE9A4D /* RemoteAccessSettingsView.swift */; };
		E0B4D7B303F2D90D0EF44A14 /* ConfigManager.swift in Sources */ = {isa = PBXBuildFile; fileRef = DB332CD6570F14B0537C6AE0 /* ConfigManager.swift */; };
		E2EE7C04ACC21A27B5A5D928 /* AppConstants.swift in Sources */ = {isa = PBXBuildFile; fileRef = 3ABF3B122E34C2593734B0DF /* AppConstants.swift */; };
		F119425DFE9C1E582DBE8BF6 /* ProcessKiller.swift in Sources */ = {isa = PBXBuildFile; fileRef = 6ACBFBAF374536E67AD5450D /* ProcessKiller.swift */; };
		F16705669BC3B5F37B1E6B83 /* CLIInstaller.swift in Sources */ = {isa = PBXBuildFile; fileRef = B064C99EE5DA4962A7F22FAE /* CLIInstaller.swift */; };
		F395E0CEBBAE31FF0844F92A /* ContinuationWrapper.swift in Sources */ = {isa = PBXBuildFile; fileRef = 6C82E301B6F30FD983A8399F /* ContinuationWrapper.swift */; };
		F843E2957F6C643C520CDC68 /* CloudflareService.swift in Sources */ = {isa = PBXBuildFile; fileRef = 20BA4999BE175305CD84C254 /* CloudflareService.swift */; };
		FB80BCFCF54187C7C2AAA855 /* AppleScriptSecurity.swift in Sources */ = {isa = PBXBuildFile; fileRef = A8A483C9B31ECFCC88317347 /* AppleScriptSecurity.swift */; };
		FB90F074244B642B6E3ED5FC /* ApplicationMover.swift in Sources */ = {isa = PBXBuildFile; fileRef = B70A949EC9968CDF272700E9 /* ApplicationMover.swift */; };
		FBB41EF42D38B23C63D409FF /* RemoteAccessConstants.swift in Sources */ = {isa = PBXBuildFile; fileRef = F31F6D67FF777090C3BFACA3 /* RemoteAccessConstants.swift */; };
		FC10C0CAEAE64F03EBBA9AE8 /* ServerManagerShim.swift in Sources */ = {isa = PBXBuildFile; fileRef = 7BE8A33CC70182C69EB80A83 /* ServerManagerShim.swift */; };
		FE704D879021B8897FCFDD7D /* CLIInstallationSection.swift in Sources */ = {isa = PBXBuildFile; fileRef = 0143B6DEC8DC7E9605B21978 /* CLIInstallationSection.swift */; };
/* End PBXBuildFile section */

/* Begin PBXContainerItemProxy section */
		4B2E710F04CADDEA3C0C88E9 /* PBXContainerItemProxy */ = {
			isa = PBXContainerItemProxy;
			containerPortal = 1FCB0FB1C82AEBEB96ABB2BA /* Project object */;
			proxyType = 1;
			remoteGlobalIDString = 2D2A0C2506A0230C4096DD67;
			remoteInfo = TmuxIde;
		};
/* End PBXContainerItemProxy section */

/* Begin PBXFileReference section */
		0143B6DEC8DC7E9605B21978 /* CLIInstallationSection.swift */ = {isa = PBXFileReference; lastKnownFileType = sourcecode.swift; path = CLIInstallationSection.swift; sourceTree = "<group>"; };
		02E31A2F4AE6F660FEE2E133 /* ErrorMessages.swift */ = {isa = PBXFileReference; lastKnownFileType = sourcecode.swift; path = ErrorMessages.swift; sourceTree = "<group>"; };
		03AC1199048704635E680757 /* PortConflictResolver.swift */ = {isa = PBXFileReference; lastKnownFileType = sourcecode.swift; path = PortConflictResolver.swift; sourceTree = "<group>"; };
		0876A76EB1CDE9B24F45A37E /* UpdateChannel.swift */ = {isa = PBXFileReference; lastKnownFileType = sourcecode.swift; path = UpdateChannel.swift; sourceTree = "<group>"; };
		0E38FF660BFC6583216F445F /* Worktree.swift */ = {isa = PBXFileReference; lastKnownFileType = sourcecode.swift; path = Worktree.swift; sourceTree = "<group>"; };
		13936BFB60E4B7963CF7A2B0 /* SideRoundedRectangle.swift */ = {isa = PBXFileReference; lastKnownFileType = sourcecode.swift; path = SideRoundedRectangle.swift; sourceTree = "<group>"; };
		1A260858C1354A24D8B088D2 /* Assets.xcassets */ = {isa = PBXFileReference; lastKnownFileType = folder.assetcatalog; path = Assets.xcassets; sourceTree = "<group>"; };
		1CE19FE2522C4C6F0C9D0E15 /* TmuxIdeMenuView.swift */ = {isa = PBXFileReference; lastKnownFileType = sourcecode.swift; path = TmuxIdeMenuView.swift; sourceTree = "<group>"; };
		1EA4700FABD526A9C75347F0 /* NetworkMonitor.swift */ = {isa = PBXFileReference; lastKnownFileType = sourcecode.swift; path = NetworkMonitor.swift; sourceTree = "<group>"; };
		1FFFA6479E70D19F93E7C2F6 /* SessionInfo.swift */ = {isa = PBXFileReference; lastKnownFileType = sourcecode.swift; path = SessionInfo.swift; sourceTree = "<group>"; };
		208F77B027CC4BF2D98C8077 /* ViewExtensions.swift */ = {isa = PBXFileReference; lastKnownFileType = sourcecode.swift; path = ViewExtensions.swift; sourceTree = "<group>"; };
		20BA4999BE175305CD84C254 /* CloudflareService.swift */ = {isa = PBXFileReference; lastKnownFileType = sourcecode.swift; path = CloudflareService.swift; sourceTree = "<group>"; };
		2661E3FEFFF77BF2D0641A4B /* GlowingAppIcon.swift */ = {isa = PBXFileReference; lastKnownFileType = sourcecode.swift; path = GlowingAppIcon.swift; sourceTree = "<group>"; };
		26A511F8B8914E83EA92503E /* SettingsView.swift */ = {isa = PBXFileReference; lastKnownFileType = sourcecode.swift; path = SettingsView.swift; sourceTree = "<group>"; };
		28E8AEDB97059198B18D09ED /* StatusBarIconController.swift */ = {isa = PBXFileReference; lastKnownFileType = sourcecode.swift; path = StatusBarIconController.swift; sourceTree = "<group>"; };
		2A0E5B629AEF5C83911C6E44 /* NotificationSettingsView.swift */ = {isa = PBXFileReference; lastKnownFileType = sourcecode.swift; path = NotificationSettingsView.swift; sourceTree = "<group>"; };
		2B729474EF8EF4F74C673924 /* AXElement.swift */ = {isa = PBXFileReference; lastKnownFileType = sourcecode.swift; path = AXElement.swift; sourceTree = "<group>"; };
		2F5F8E7FB845D65457C2484D /* ProcessTracker.swift */ = {isa = PBXFileReference; lastKnownFileType = sourcecode.swift; path = ProcessTracker.swift; sourceTree = "<group>"; };
		333DAA5C1E5A9AAD84C2B534 /* GitBranchWorktreeSelector.swift */ = {isa = PBXFileReference; lastKnownFileType = sourcecode.swift; path = GitBranchWorktreeSelector.swift; sourceTree = "<group>"; };
		38678D765D5046D680700A8B /* TmuxIdeTests.xctest */ = {isa = PBXFileReference; explicitFileType = wrapper.cfbundle; includeInIndex = 0; path = TmuxIdeTests.xctest; sourceTree = BUILT_PRODUCTS_DIR; };
		39646D8A8BFC36902136452E /* IsRunningPreviews.swift */ = {isa = PBXFileReference; lastKnownFileType = sourcecode.swift; path = IsRunningPreviews.swift; sourceTree = "<group>"; };
		3ABF3B122E34C2593734B0DF /* AppConstants.swift */ = {isa = PBXFileReference; lastKnownFileType = sourcecode.swift; path = AppConstants.swift; sourceTree = "<group>"; };
		3D4AFDC4AC25736F1021789D /* ConfigurationEnums.swift */ = {isa = PBXFileReference; lastKnownFileType = sourcecode.swift; path = ConfigurationEnums.swift; sourceTree = "<group>"; };
		43C3255C6A62BE719CDFD2FC /* DebugConfig.swift */ = {isa = PBXFileReference; lastKnownFileType = sourcecode.swift; path = DebugConfig.swift; sourceTree = "<group>"; };
		45AC1B891C5CBD976933A5C1 /* StartupManager.swift */ = {isa = PBXFileReference; lastKnownFileType = sourcecode.swift; path = StartupManager.swift; sourceTree = "<group>"; };
		498F9E8FEF3E9B8E73AA0F48 /* TerminalLauncher.swift */ = {isa = PBXFileReference; lastKnownFileType = sourcecode.swift; path = TerminalLauncher.swift; sourceTree = "<group>"; };
		505DC62EDB92475AE059BA4F /* UIStrings.swift */ = {isa = PBXFileReference; lastKnownFileType = sourcecode.swift; path = UIStrings.swift; sourceTree = "<group>"; };
		51E270BEF4397045585592E8 /* IntegrationStubs.swift */ = {isa = PBXFileReference; lastKnownFileType = sourcecode.swift; path = IntegrationStubs.swift; sourceTree = "<group>"; };
		51E40C6EA5D98593B1BB67EC /* WindowTracker.swift */ = {isa = PBXFileReference; lastKnownFileType = sourcecode.swift; path = WindowTracker.swift; sourceTree = "<group>"; };
		532FF51B50D1F0CD5A47EAE6 /* SettingsViewsStubs.swift */ = {isa = PBXFileReference; lastKnownFileType = sourcecode.swift; path = SettingsViewsStubs.swift; sourceTree = "<group>"; };
		574C60843DFD33AA856359AC /* GitRepository.swift */ = {isa = PBXFileReference; lastKnownFileType = sourcecode.swift; path = GitRepository.swift; sourceTree = "<group>"; };
		5779D88D6796F29347BA4CDB /* URLConstants.swift */ = {isa = PBXFileReference; lastKnownFileType = sourcecode.swift; path = URLConstants.swift; sourceTree = "<group>"; };
		5BB0AA2D7D05CB4438DA8666 /* RepositorySettingsSection.swift */ = {isa = PBXFileReference; lastKnownFileType = sourcecode.swift; path = RepositorySettingsSection.swift; sourceTree = "<group>"; };
		5D1A03FD1125D5F7783C0095 /* Process+ParentTermination.swift */ = {isa = PBXFileReference; lastKnownFileType = sourcecode.swift; path = "Process+ParentTermination.swift"; sourceTree = "<group>"; };
		5D25FC2D5A3F0B225778E8A7 /* FilePathConstants.swift */ = {isa = PBXFileReference; lastKnownFileType = sourcecode.swift; path = FilePathConstants.swift; sourceTree = "<group>"; };
		5D996C2E982EC957D7435078 /* NetworkUtility.swift */ = {isa = PBXFileReference; lastKnownFileType = sourcecode.swift; path = NetworkUtility.swift; sourceTree = "<group>"; };
		5DD71507F4C4379CA5B56E11 /* TailscaleServeStatusService.swift */ = {isa = PBXFileReference; lastKnownFileType = sourcecode.swift; path = TailscaleServeStatusService.swift; sourceTree = "<group>"; };
		6ACBFBAF374536E67AD5450D /* ProcessKiller.swift */ = {isa = PBXFileReference; lastKnownFileType = sourcecode.swift; path = ProcessKiller.swift; sourceTree = "<group>"; };
		6C82E301B6F30FD983A8399F /* ContinuationWrapper.swift */ = {isa = PBXFileReference; lastKnownFileType = sourcecode.swift; path = ContinuationWrapper.swift; sourceTree = "<group>"; };
		71087BA7BF307BB9FA65A197 /* TailscaleService.swift */ = {isa = PBXFileReference; lastKnownFileType = sourcecode.swift; path = TailscaleService.swift; sourceTree = "<group>"; };
		71E4BED41D610695BDFF3BE2 /* NotificationNames.swift */ = {isa = PBXFileReference; lastKnownFileType = sourcecode.swift; path = NotificationNames.swift; sourceTree = "<group>"; };
		731D567BC0CD1FC55EABB76D /* NetworkConstants.swift */ = {isa = PBXFileReference; lastKnownFileType = sourcecode.swift; path = NetworkConstants.swift; sourceTree = "<group>"; };
		7623F15F23662067E571FDA0 /* GitInfo.swift */ = {isa = PBXFileReference; lastKnownFileType = sourcecode.swift; path = GitInfo.swift; sourceTree = "<group>"; };
		79AC3266A0DF3ED691E80755 /* QuickStartSettingsView.swift */ = {isa = PBXFileReference; lastKnownFileType = sourcecode.swift; path = QuickStartSettingsView.swift; sourceTree = "<group>"; };
		7BE8A33CC70182C69EB80A83 /* ServerManagerShim.swift */ = {isa = PBXFileReference; lastKnownFileType = sourcecode.swift; path = ServerManagerShim.swift; sourceTree = "<group>"; };
		80A80EA23673D60B07516530 /* DashboardAccessMode.swift */ = {isa = PBXFileReference; lastKnownFileType = sourcecode.swift; path = DashboardAccessMode.swift; sourceTree = "<group>"; };
		84BFE5682D78DEF0542AE513 /* StatusBarMenuConfiguration.swift */ = {isa = PBXFileReference; lastKnownFileType = sourcecode.swift; path = StatusBarMenuConfiguration.swift; sourceTree = "<group>"; };
		864F4BE514981727A0B66805 /* QuickStartSettingsSection.swift */ = {isa = PBXFileReference; lastKnownFileType = sourcecode.swift; path = QuickStartSettingsSection.swift; sourceTree = "<group>"; };
		86A01FE56773CD487C8847CB /* EnvironmentValues+Services.swift */ = {isa = PBXFileReference; lastKnownFileType = sourcecode.swift; path = "EnvironmentValues+Services.swift"; sourceTree = "<group>"; };
		88A6CFFE87EAB45E3943490C /* APIEndpoints.swift */ = {isa = PBXFileReference; lastKnownFileType = sourcecode.swift; path = APIEndpoints.swift; sourceTree = "<group>"; };
		93BB60800B783B901C1BB3B5 /* DockIconManager.swift */ = {isa = PBXFileReference; lastKnownFileType = sourcecode.swift; path = DockIconManager.swift; sourceTree = "<group>"; };
		959142B882532B241B0156FB /* MenuStyles.swift */ = {isa = PBXFileReference; lastKnownFileType = sourcecode.swift; path = MenuStyles.swift; sourceTree = "<group>"; };
		9830351550A4323D1F35FB49 /* View+Cursor.swift */ = {isa = PBXFileReference; lastKnownFileType = sourcecode.swift; path = "View+Cursor.swift"; sourceTree = "<group>"; };
		98391DF1E3B55563B600D80B /* GitAppLauncher.swift */ = {isa = PBXFileReference; lastKnownFileType = sourcecode.swift; path = GitAppLauncher.swift; sourceTree = "<group>"; };
		984A436DB24C263C9FE3ECD3 /* KeychainConstants.swift */ = {isa = PBXFileReference; lastKnownFileType = sourcecode.swift; path = KeychainConstants.swift; sourceTree = "<group>"; };
		9969E8BE0D1B0BE68B7E4761 /* WindowCenteringHelper.swift */ = {isa = PBXFileReference; lastKnownFileType = sourcecode.swift; path = WindowCenteringHelper.swift; sourceTree = "<group>"; };
		99709C8053AC055E77B4BB63 /* HelpTooltip.swift */ = {isa = PBXFileReference; lastKnownFileType = sourcecode.swift; path = HelpTooltip.swift; sourceTree = "<group>"; };
		9AD81A7DC1AE5F5935C31875 /* StatusBarController.swift */ = {isa = PBXFileReference; lastKnownFileType = sourcecode.swift; path = StatusBarController.swift; sourceTree = "<group>"; };
		9AE968B0F75C49154803BF6C /* CloudflareIntegrationSection.swift */ = {isa = PBXFileReference; lastKnownFileType = sourcecode.swift; path = CloudflareIntegrationSection.swift; sourceTree = "<group>"; };
		9EEDB1E94B4F6E7CFA628ADF /* RepositoryDiscoveryService.swift */ = {isa = PBXFileReference; lastKnownFileType = sourcecode.swift; path = RepositoryDiscoveryService.swift; sourceTree = "<group>"; };
		A0EA6F4A14EEA36F55D9C468 /* TailscaleURLHelper.swift */ = {isa = PBXFileReference; lastKnownFileType = sourcecode.swift; path = TailscaleURLHelper.swift; sourceTree = "<group>"; };
		A13D69DC39F7E49BF57CC594 /* NgrokService.swift */ = {isa = PBXFileReference; lastKnownFileType = sourcecode.swift; path = NgrokService.swift; sourceTree = "<group>"; };
		A85AD343FE7491EC3937D18B /* PowerManagementService.swift */ = {isa = PBXFileReference; lastKnownFileType = sourcecode.swift; path = PowerManagementService.swift; sourceTree = "<group>"; };
		A8A483C9B31ECFCC88317347 /* AppleScriptSecurity.swift */ = {isa = PBXFileReference; lastKnownFileType = sourcecode.swift; path = AppleScriptSecurity.swift; sourceTree = "<group>"; };
		A9036D584DAE8F12F5F38735 /* SettingsTab.swift */ = {isa = PBXFileReference; lastKnownFileType = sourcecode.swift; path = SettingsTab.swift; sourceTree = "<group>"; };
		AE1C6AC17A8C1FAC1432F8EC /* WorktreeService.swift */ = {isa = PBXFileReference; lastKnownFileType = sourcecode.swift; path = WorktreeService.swift; sourceTree = "<group>"; };
		AE580DBE2921083D55EA7373 /* NotificationService.swift */ = {isa = PBXFileReference; lastKnownFileType = sourcecode.swift; path = NotificationService.swift; sourceTree = "<group>"; };
		AEE6E2AD0BD211AC8175DF98 /* AXPermissions.swift */ = {isa = PBXFileReference; lastKnownFileType = sourcecode.swift; path = AXPermissions.swift; sourceTree = "<group>"; };
		AF141569C4D5838D60FACD98 /* MenuActionBar.swift */ = {isa = PBXFileReference; lastKnownFileType = sourcecode.swift; path = MenuActionBar.swift; sourceTree = "<group>"; };
		AF1FC898A5E5A6F1E85C92EF /* SystemPermissionManager.swift */ = {isa = PBXFileReference; lastKnownFileType = sourcecode.swift; path = SystemPermissionManager.swift; sourceTree = "<group>"; };
		B054DA9FA07B5240E4FAC68B /* StatusBarMenuManager.swift */ = {isa = PBXFileReference; lastKnownFileType = sourcecode.swift; path = StatusBarMenuManager.swift; sourceTree = "<group>"; };
		B064C99EE5DA4962A7F22FAE /* CLIInstaller.swift */ = {isa = PBXFileReference; lastKnownFileType = sourcecode.swift; path = CLIInstaller.swift; sourceTree = "<group>"; };
		B20322BF3A75DA79C228A841 /* ClickableURLView.swift */ = {isa = PBXFileReference; lastKnownFileType = sourcecode.swift; path = ClickableURLView.swift; sourceTree = "<group>"; };
		B25AC4CC7877F2072C3BAE58 /* WindowEnumerator.swift */ = {isa = PBXFileReference; lastKnownFileType = sourcecode.swift; path = WindowEnumerator.swift; sourceTree = "<group>"; };
		B6CCE4072F2342D6EABC9297 /* AboutView.swift */ = {isa = PBXFileReference; lastKnownFileType = sourcecode.swift; path = AboutView.swift; sourceTree = "<group>"; };
		B70A949EC9968CDF272700E9 /* ApplicationMover.swift */ = {isa = PBXFileReference; lastKnownFileType = sourcecode.swift; path = ApplicationMover.swift; sourceTree = "<group>"; };
		B7CC5AAEC6AE8A3F01DF1B12 /* NetworkTypes.swift */ = {isa = PBXFileReference; lastKnownFileType = sourcecode.swift; path = NetworkTypes.swift; sourceTree = "<group>"; };
		B9026C68BD04E83F2B3D9F63 /* TmuxIdeApp.swift */ = {isa = PBXFileReference; lastKnownFileType = sourcecode.swift; path = TmuxIdeApp.swift; sourceTree = "<group>"; };
		BC06487B4379D52F4DB1D22D /* PermissionChecker.swift */ = {isa = PBXFileReference; lastKnownFileType = sourcecode.swift; path = PermissionChecker.swift; sourceTree = "<group>"; };
		C17C3B51FED439D54A3E3C4E /* AppleScriptExecutor.swift */ = {isa = PBXFileReference; lastKnownFileType = sourcecode.swift; path = AppleScriptExecutor.swift; sourceTree = "<group>"; };
		C1BD44A258986547FCF04598 /* BundleIdentifiers.swift */ = {isa = PBXFileReference; lastKnownFileType = sourcecode.swift; path = BundleIdentifiers.swift; sourceTree = "<group>"; };
		C5FE193738C9CAFD0DBC4A2F /* GeneralSettingsView.swift */ = {isa = PBXFileReference; lastKnownFileType = sourcecode.swift; path = GeneralSettingsView.swift; sourceTree = "<group>"; };
		C7BAC32DD9BC3E90FF64E92B /* PermissionsSection.swift */ = {isa = PBXFileReference; lastKnownFileType = sourcecode.swift; path = PermissionsSection.swift; sourceTree = "<group>"; };
		CBCEE7E958934A2F82EFDF8D /* NSImage+Resize.swift */ = {isa = PBXFileReference; lastKnownFileType = sourcecode.swift; path = "NSImage+Resize.swift"; sourceTree = "<group>"; };
		CDC19F912FE247CB8A83894F /* SecurityPermissionsSettingsView.swift */ = {isa = PBXFileReference; lastKnownFileType = sourcecode.swift; path = SecurityPermissionsSettingsView.swift; sourceTree = "<group>"; };
		CEB1AA8A2BF1BF02D8E73F6B /* TmuxSessionMonitor.swift */ = {isa = PBXFileReference; lastKnownFileType = sourcecode.swift; path = TmuxSessionMonitor.swift; sourceTree = "<group>"; };
		CF743056F6D495EB52845E08 /* TmuxIde.app */ = {isa = PBXFileReference; explicitFileType = wrapper.application; includeInIndex = 0; path = TmuxIde.app; sourceTree = BUILT_PRODUCTS_DIR; };
		D080A45F77304ED1C4440A6C /* SettingsOpener.swift */ = {isa = PBXFileReference; lastKnownFileType = sourcecode.swift; path = SettingsOpener.swift; sourceTree = "<group>"; };
		D1C99AFB819ACAFC2125D405 /* WindowHighlightEffect.swift */ = {isa = PBXFileReference; lastKnownFileType = sourcecode.swift; path = WindowHighlightEffect.swift; sourceTree = "<group>"; };
		D32360BFCB3F511CA767015E /* CustomMenuWindow.swift */ = {isa = PBXFileReference; lastKnownFileType = sourcecode.swift; path = CustomMenuWindow.swift; sourceTree = "<group>"; };
		D43BAEF8CF89D80C33B565BB /* AdvancedSettingsView.swift */ = {isa = PBXFileReference; lastKnownFileType = sourcecode.swift; path = AdvancedSettingsView.swift; sourceTree = "<group>"; };
		D62B6838E56B4BD0A3E4781F /* GitAppHelper.swift */ = {isa = PBXFileReference; lastKnownFileType = sourcecode.swift; path = GitAppHelper.swift; sourceTree = "<group>"; };
		D74AC7C7A9DABBC6AA309892 /* EnvironmentKeys.swift */ = {isa = PBXFileReference; lastKnownFileType = sourcecode.swift; path = EnvironmentKeys.swift; sourceTree = "<group>"; };
		D9EE2622B144737B962DEB74 /* CommonViewModifiers.swift */ = {isa = PBXFileReference; lastKnownFileType = sourcecode.swift; path = CommonViewModifiers.swift; sourceTree = "<group>"; };
		DB332CD6570F14B0537C6AE0 /* ConfigManager.swift */ = {isa = PBXFileReference; lastKnownFileType = sourcecode.swift; path = ConfigManager.swift; sourceTree = "<group>"; };
		DC65E90E18B743CB50C8843A /* ShimmerView.swift */ = {isa = PBXFileReference; lastKnownFileType = sourcecode.swift; path = ShimmerView.swift; sourceTree = "<group>"; };
		DD5DF205B4F3CBE8586BE497 /* GitRepositoryMonitor.swift */ = {isa = PBXFileReference; lastKnownFileType = sourcecode.swift; path = GitRepositoryMonitor.swift; sourceTree = "<group>"; };
		DDD8E2386DE5BA79B3ECC6BF /* ErrorHandling.swift */ = {isa = PBXFileReference; lastKnownFileType = sourcecode.swift; path = ErrorHandling.swift; sourceTree = "<group>"; };
		DFC505E43682BE575064A16F /* WindowMatcher.swift */ = {isa = PBXFileReference; lastKnownFileType = sourcecode.swift; path = WindowMatcher.swift; sourceTree = "<group>"; };
		E085BCC5D7B36D87E031CC17 /* UserDefaultsKeys.swift */ = {isa = PBXFileReference; lastKnownFileType = sourcecode.swift; path = UserDefaultsKeys.swift; sourceTree = "<group>"; };
		E1A0CB280035BA45213DDA4F /* TmuxIde.entitlements */ = {isa = PBXFileReference; lastKnownFileType = text.plist.entitlements; path = TmuxIde.entitlements; sourceTree = "<group>"; };
		E1CFA0567EF5C0D0CE795E28 /* QuickStartCommand.swift */ = {isa = PBXFileReference; lastKnownFileType = sourcecode.swift; path = QuickStartCommand.swift; sourceTree = "<group>"; };
		E5B859B97A3C546170CCE12B /* ServerConfigurationComponents.swift */ = {isa = PBXFileReference; lastKnownFileType = sourcecode.swift; path = ServerConfigurationComponents.swift; sourceTree = "<group>"; };
		E76EBC9BE84E6E3F8CEFE77E /* SharedComponents.swift */ = {isa = PBXFileReference; lastKnownFileType = sourcecode.swift; path = SharedComponents.swift; sourceTree = "<group>"; };
		EC0150F19CE64A9C7F3E4615 /* AppColors.swift */ = {isa = PBXFileReference; lastKnownFileType = sourcecode.swift; path = AppColors.swift; sourceTree = "<group>"; };
		ED16BF6FCB5A699317FCE926 /* AuthConfig.swift */ = {isa = PBXFileReference; lastKnownFileType = sourcecode.swift; path = AuthConfig.swift; sourceTree = "<group>"; };
		ED2FE9E10B1D4304C30D3B4E /* JSONValue.swift */ = {isa = PBXFileReference; lastKnownFileType = sourcecode.swift; path = JSONValue.swift; sourceTree = "<group>"; };
		EE4D2BC8E0C35A23B9188D85 /* GitRepositoryRow.swift */ = {isa = PBXFileReference; lastKnownFileType = sourcecode.swift; path = GitRepositoryRow.swift; sourceTree = "<group>"; };
		F31F6D67FF777090C3BFACA3 /* RemoteAccessConstants.swift */ = {isa = PBXFileReference; lastKnownFileType = sourcecode.swift; path = RemoteAccessConstants.swift; sourceTree = "<group>"; };
		F48284EE90E92175ED32AA69 /* TooltipProvider.swift */ = {isa = PBXFileReference; lastKnownFileType = sourcecode.swift; path = TooltipProvider.swift; sourceTree = "<group>"; };
		F502F13832B3B926A3EE9A4D /* RemoteAccessSettingsView.swift */ = {isa = PBXFileReference; lastKnownFileType = sourcecode.swift; path = RemoteAccessSettingsView.swift; sourceTree = "<group>"; };
		F62CE874D864A41CD3B3B23B /* WorktreeSelectionView.swift */ = {isa = PBXFileReference; lastKnownFileType = sourcecode.swift; path = WorktreeSelectionView.swift; sourceTree = "<group>"; };
		F66BE1AB0D130FDC5EB13D21 /* PathSuggestion.swift */ = {isa = PBXFileReference; lastKnownFileType = sourcecode.swift; path = PathSuggestion.swift; sourceTree = "<group>"; };
		F73839F2A67A1ACCAAF024FB /* TmuxIdeTests.swift */ = {isa = PBXFileReference; lastKnownFileType = sourcecode.swift; path = TmuxIdeTests.swift; sourceTree = "<group>"; };
		F8D5166919A88EC1F7780885 /* DebugSettingsView.swift */ = {isa = PBXFileReference; lastKnownFileType = sourcecode.swift; path = DebugSettingsView.swift; sourceTree = "<group>"; };
		F9793BCC9ECF3EA84FD39503 /* AppPreferences.swift */ = {isa = PBXFileReference; lastKnownFileType = sourcecode.swift; path = AppPreferences.swift; sourceTree = "<group>"; };
		FB16D9056DAA0FE798657ACA /* WindowInfo.swift */ = {isa = PBXFileReference; lastKnownFileType = sourcecode.swift; path = WindowInfo.swift; sourceTree = "<group>"; };
		FCC25EAE31BA73B4C5BF4A2E /* Info.plist */ = {isa = PBXFileReference; lastKnownFileType = text.plist; path = Info.plist; sourceTree = "<group>"; };
		FEFE9E4749F53436FB7B987C /* WindowFocuser.swift */ = {isa = PBXFileReference; lastKnownFileType = sourcecode.swift; path = WindowFocuser.swift; sourceTree = "<group>"; };
/* End PBXFileReference section */

/* Begin PBXGroup section */
		037F554122CB17E94A9BFCFE /* Core */ = {
			isa = PBXGroup;
			children = (
				19417BB4D116F8E137E90BB0 /* Models */,
				B0E5C0710B43F883935FF89D /* Services */,
				DFE8DA76ED367B8442188891 /* Stubs */,
			);
			path = Core;
			sourceTree = "<group>";
		};
		0517DB20D9E61087D84874F5 = {
			isa = PBXGroup;
			children = (
				525813ADA3E0A91B880A9460 /* TmuxIde */,
				8B4944D1E4CA90477C8F59BB /* TmuxIdeTests */,
				8CABD2E326CC76F520454B84 /* Products */,
			);
			sourceTree = "<group>";
		};
		0A6622BC73C8739D75FA3640 /* Extensions */ = {
			isa = PBXGroup;
			children = (
				86A01FE56773CD487C8847CB /* EnvironmentValues+Services.swift */,
				5D1A03FD1125D5F7783C0095 /* Process+ParentTermination.swift */,
			);
			path = Extensions;
			sourceTree = "<group>";
		};
		123E782085053461BE77AE05 /* VibeTunnel */ = {
			isa = PBXGroup;
			children = (
				557CA2DC6282054AB032C720 /* Core */,
				DC03F36D8FD59B1AC8B22FC9 /* Extensions */,
				1A45F4E2CD6651D2B85D29B6 /* Presentation */,
				E4B3E57D65AA9E9169D718D4 /* Utilities */,
				1A260858C1354A24D8B088D2 /* Assets.xcassets */,
				FCC25EAE31BA73B4C5BF4A2E /* Info.plist */,
				E1A0CB280035BA45213DDA4F /* TmuxIde.entitlements */,
			);
			path = VibeTunnel;
			sourceTree = "<group>";
		};
		172444D6CED5CC901FFA69A2 /* Shapes */ = {
			isa = PBXGroup;
			children = (
				13936BFB60E4B7963CF7A2B0 /* SideRoundedRectangle.swift */,
			);
			path = Shapes;
			sourceTree = "<group>";
		};
		19417BB4D116F8E137E90BB0 /* Models */ = {
			isa = PBXGroup;
			children = (
				1FFFA6479E70D19F93E7C2F6 /* SessionInfo.swift */,
				0876A76EB1CDE9B24F45A37E /* UpdateChannel.swift */,
			);
			path = Models;
			sourceTree = "<group>";
		};
		1A45F4E2CD6651D2B85D29B6 /* Presentation */ = {
			isa = PBXGroup;
			children = (
				5EF679180964D753AB540EED /* Components */,
				172444D6CED5CC901FFA69A2 /* Shapes */,
				F584DD2AC85E725662F806A5 /* Utilities */,
				761B8783AE13D8D8C01C1B1D /* Views */,
			);
			path = Presentation;
			sourceTree = "<group>";
		};
		3385D5AB8A868D4C7130D438 /* Services */ = {
			isa = PBXGroup;
			children = (
				AA2F2423594489C6FE0B2602 /* WindowTracking */,
				C17C3B51FED439D54A3E3C4E /* AppleScriptExecutor.swift */,
				20BA4999BE175305CD84C254 /* CloudflareService.swift */,
				DB332CD6570F14B0537C6AE0 /* ConfigManager.swift */,
				6C82E301B6F30FD983A8399F /* ContinuationWrapper.swift */,
				DD5DF205B4F3CBE8586BE497 /* GitRepositoryMonitor.swift */,
				1EA4700FABD526A9C75347F0 /* NetworkMonitor.swift */,
				A13D69DC39F7E49BF57CC594 /* NgrokService.swift */,
				AE580DBE2921083D55EA7373 /* NotificationService.swift */,
				A85AD343FE7491EC3937D18B /* PowerManagementService.swift */,
				9EEDB1E94B4F6E7CFA628ADF /* RepositoryDiscoveryService.swift */,
				45AC1B891C5CBD976933A5C1 /* StartupManager.swift */,
				AF1FC898A5E5A6F1E85C92EF /* SystemPermissionManager.swift */,
				5DD71507F4C4379CA5B56E11 /* TailscaleServeStatusService.swift */,
				71087BA7BF307BB9FA65A197 /* TailscaleService.swift */,
				51E40C6EA5D98593B1BB67EC /* WindowTracker.swift */,
				AE1C6AC17A8C1FAC1432F8EC /* WorktreeService.swift */,
			);
			path = Services;
			sourceTree = "<group>";
		};
		3C28505711B179CFB8981F6E /* Managers */ = {
			isa = PBXGroup;
			children = (
				93BB60800B783B901C1BB3B5 /* DockIconManager.swift */,
			);
			path = Managers;
			sourceTree = "<group>";
		};
		3E82C1EDF6019B210135DC22 /* Utilities */ = {
			isa = PBXGroup;
			children = (
				A8A483C9B31ECFCC88317347 /* AppleScriptSecurity.swift */,
				DDD8E2386DE5BA79B3ECC6BF /* ErrorHandling.swift */,
				D62B6838E56B4BD0A3E4781F /* GitAppHelper.swift */,
				39646D8A8BFC36902136452E /* IsRunningPreviews.swift */,
				ED2FE9E10B1D4304C30D3B4E /* JSONValue.swift */,
				5D996C2E982EC957D7435078 /* NetworkUtility.swift */,
				03AC1199048704635E680757 /* PortConflictResolver.swift */,
				9969E8BE0D1B0BE68B7E4761 /* WindowCenteringHelper.swift */,
			);
			path = Utilities;
			sourceTree = "<group>";
		};
		525813ADA3E0A91B880A9460 /* TmuxIde */ = {
			isa = PBXGroup;
			children = (
				037F554122CB17E94A9BFCFE /* Core */,
				123E782085053461BE77AE05 /* VibeTunnel */,
				B9026C68BD04E83F2B3D9F63 /* TmuxIdeApp.swift */,
			);
			path = TmuxIde;
			sourceTree = "<group>";
		};
		557CA2DC6282054AB032C720 /* Core */ = {
			isa = PBXGroup;
			children = (
				7522569453736863CD515D93 /* Accessibility */,
				BBDB5C22B4A5E4C8891FF639 /* Configuration */,
				DCCF43A3BA3A1A0143F83FB1 /* Constants */,
				0A6622BC73C8739D75FA3640 /* Extensions */,
				BB0403B6C2D678E16182606F /* Helpers */,
				3C28505711B179CFB8981F6E /* Managers */,
				8CC5FF21F3BFE737842758F6 /* Models */,
				3385D5AB8A868D4C7130D438 /* Services */,
				3E82C1EDF6019B210135DC22 /* Utilities */,
			);
			path = Core;
			sourceTree = "<group>";
		};
		588E649F5027FB8FA27F8204 /* Shared */ = {
			isa = PBXGroup;
			children = (
				2661E3FEFFF77BF2D0641A4B /* GlowingAppIcon.swift */,
			);
			path = Shared;
			sourceTree = "<group>";
		};
		5EF679180964D753AB540EED /* Components */ = {
			isa = PBXGroup;
			children = (
				B1CDED03DB9FAE1AAD815BFE /* Menu */,
				B20322BF3A75DA79C228A841 /* ClickableURLView.swift */,
				D32360BFCB3F511CA767015E /* CustomMenuWindow.swift */,
				333DAA5C1E5A9AAD84C2B534 /* GitBranchWorktreeSelector.swift */,
				99709C8053AC055E77B4BB63 /* HelpTooltip.swift */,
				DC65E90E18B743CB50C8843A /* ShimmerView.swift */,
				9AD81A7DC1AE5F5935C31875 /* StatusBarController.swift */,
				28E8AEDB97059198B18D09ED /* StatusBarIconController.swift */,
				B054DA9FA07B5240E4FAC68B /* StatusBarMenuManager.swift */,
				1CE19FE2522C4C6F0C9D0E15 /* TmuxIdeMenuView.swift */,
				F48284EE90E92175ED32AA69 /* TooltipProvider.swift */,
				F62CE874D864A41CD3B3B23B /* WorktreeSelectionView.swift */,
			);
			path = Components;
			sourceTree = "<group>";
		};
		7522569453736863CD515D93 /* Accessibility */ = {
			isa = PBXGroup;
			children = (
				2B729474EF8EF4F74C673924 /* AXElement.swift */,
				AEE6E2AD0BD211AC8175DF98 /* AXPermissions.swift */,
			);
			path = Accessibility;
			sourceTree = "<group>";
		};
		761B8783AE13D8D8C01C1B1D /* Views */ = {
			isa = PBXGroup;
			children = (
				850E4BC1C5EEC5A2572BDEC7 /* Settings */,
				588E649F5027FB8FA27F8204 /* Shared */,
				B6CCE4072F2342D6EABC9297 /* AboutView.swift */,
				26A511F8B8914E83EA92503E /* SettingsView.swift */,
				E76EBC9BE84E6E3F8CEFE77E /* SharedComponents.swift */,
			);
			path = Views;
			sourceTree = "<group>";
		};
		850E4BC1C5EEC5A2572BDEC7 /* Settings */ = {
			isa = PBXGroup;
			children = (
				D43BAEF8CF89D80C33B565BB /* AdvancedSettingsView.swift */,
				0143B6DEC8DC7E9605B21978 /* CLIInstallationSection.swift */,
				9AE968B0F75C49154803BF6C /* CloudflareIntegrationSection.swift */,
				F8D5166919A88EC1F7780885 /* DebugSettingsView.swift */,
				C5FE193738C9CAFD0DBC4A2F /* GeneralSettingsView.swift */,
				2A0E5B629AEF5C83911C6E44 /* NotificationSettingsView.swift */,
				C7BAC32DD9BC3E90FF64E92B /* PermissionsSection.swift */,
				864F4BE514981727A0B66805 /* QuickStartSettingsSection.swift */,
				79AC3266A0DF3ED691E80755 /* QuickStartSettingsView.swift */,
				F502F13832B3B926A3EE9A4D /* RemoteAccessSettingsView.swift */,
				5BB0AA2D7D05CB4438DA8666 /* RepositorySettingsSection.swift */,
				CDC19F912FE247CB8A83894F /* SecurityPermissionsSettingsView.swift */,
				E5B859B97A3C546170CCE12B /* ServerConfigurationComponents.swift */,
				A9036D584DAE8F12F5F38735 /* SettingsTab.swift */,
			);
			path = Settings;
			sourceTree = "<group>";
		};
		8B4944D1E4CA90477C8F59BB /* TmuxIdeTests */ = {
			isa = PBXGroup;
			children = (
				F73839F2A67A1ACCAAF024FB /* TmuxIdeTests.swift */,
			);
			path = TmuxIdeTests;
			sourceTree = "<group>";
		};
		8CABD2E326CC76F520454B84 /* Products */ = {
			isa = PBXGroup;
			children = (
				CF743056F6D495EB52845E08 /* TmuxIde.app */,
				38678D765D5046D680700A8B /* TmuxIdeTests.xctest */,
			);
			name = Products;
			sourceTree = "<group>";
		};
		8CC5FF21F3BFE737842758F6 /* Models */ = {
			isa = PBXGroup;
			children = (
				3ABF3B122E34C2593734B0DF /* AppConstants.swift */,
				3D4AFDC4AC25736F1021789D /* ConfigurationEnums.swift */,
				80A80EA23673D60B07516530 /* DashboardAccessMode.swift */,
				7623F15F23662067E571FDA0 /* GitInfo.swift */,
				574C60843DFD33AA856359AC /* GitRepository.swift */,
				B7CC5AAEC6AE8A3F01DF1B12 /* NetworkTypes.swift */,
				F66BE1AB0D130FDC5EB13D21 /* PathSuggestion.swift */,
				E1CFA0567EF5C0D0CE795E28 /* QuickStartCommand.swift */,
				FB16D9056DAA0FE798657ACA /* WindowInfo.swift */,
				0E38FF660BFC6583216F445F /* Worktree.swift */,
			);
			path = Models;
			sourceTree = "<group>";
		};
		AA2F2423594489C6FE0B2602 /* WindowTracking */ = {
			isa = PBXGroup;
			children = (
				BC06487B4379D52F4DB1D22D /* PermissionChecker.swift */,
				2F5F8E7FB845D65457C2484D /* ProcessTracker.swift */,
				B25AC4CC7877F2072C3BAE58 /* WindowEnumerator.swift */,
				FEFE9E4749F53436FB7B987C /* WindowFocuser.swift */,
				D1C99AFB819ACAFC2125D405 /* WindowHighlightEffect.swift */,
				DFC505E43682BE575064A16F /* WindowMatcher.swift */,
			);
			path = WindowTracking;
			sourceTree = "<group>";
		};
		B0E5C0710B43F883935FF89D /* Services */ = {
			isa = PBXGroup;
			children = (
				7BE8A33CC70182C69EB80A83 /* ServerManagerShim.swift */,
				CEB1AA8A2BF1BF02D8E73F6B /* TmuxSessionMonitor.swift */,
			);
			path = Services;
			sourceTree = "<group>";
		};
		B1CDED03DB9FAE1AAD815BFE /* Menu */ = {
			isa = PBXGroup;
			children = (
				EE4D2BC8E0C35A23B9188D85 /* GitRepositoryRow.swift */,
				AF141569C4D5838D60FACD98 /* MenuActionBar.swift */,
				959142B882532B241B0156FB /* MenuStyles.swift */,
			);
			path = Menu;
			sourceTree = "<group>";
		};
		BB0403B6C2D678E16182606F /* Helpers */ = {
			isa = PBXGroup;
			children = (
				A0EA6F4A14EEA36F55D9C468 /* TailscaleURLHelper.swift */,
			);
			path = Helpers;
			sourceTree = "<group>";
		};
		BBDB5C22B4A5E4C8891FF639 /* Configuration */ = {
			isa = PBXGroup;
			children = (
				F9793BCC9ECF3EA84FD39503 /* AppPreferences.swift */,
				ED16BF6FCB5A699317FCE926 /* AuthConfig.swift */,
				43C3255C6A62BE719CDFD2FC /* DebugConfig.swift */,
				84BFE5682D78DEF0542AE513 /* StatusBarMenuConfiguration.swift */,
			);
			path = Configuration;
			sourceTree = "<group>";
		};
		DC03F36D8FD59B1AC8B22FC9 /* Extensions */ = {
			isa = PBXGroup;
			children = (
				CBCEE7E958934A2F82EFDF8D /* NSImage+Resize.swift */,
			);
			path = Extensions;
			sourceTree = "<group>";
		};
		DCCF43A3BA3A1A0143F83FB1 /* Constants */ = {
			isa = PBXGroup;
			children = (
				88A6CFFE87EAB45E3943490C /* APIEndpoints.swift */,
				C1BD44A258986547FCF04598 /* BundleIdentifiers.swift */,
				D74AC7C7A9DABBC6AA309892 /* EnvironmentKeys.swift */,
				02E31A2F4AE6F660FEE2E133 /* ErrorMessages.swift */,
				5D25FC2D5A3F0B225778E8A7 /* FilePathConstants.swift */,
				984A436DB24C263C9FE3ECD3 /* KeychainConstants.swift */,
				731D567BC0CD1FC55EABB76D /* NetworkConstants.swift */,
				71E4BED41D610695BDFF3BE2 /* NotificationNames.swift */,
				F31F6D67FF777090C3BFACA3 /* RemoteAccessConstants.swift */,
				505DC62EDB92475AE059BA4F /* UIStrings.swift */,
				5779D88D6796F29347BA4CDB /* URLConstants.swift */,
				E085BCC5D7B36D87E031CC17 /* UserDefaultsKeys.swift */,
			);
			path = Constants;
			sourceTree = "<group>";
		};
		DFE8DA76ED367B8442188891 /* Stubs */ = {
			isa = PBXGroup;
			children = (
				51E270BEF4397045585592E8 /* IntegrationStubs.swift */,
				532FF51B50D1F0CD5A47EAE6 /* SettingsViewsStubs.swift */,
			);
			path = Stubs;
			sourceTree = "<group>";
		};
		E4B3E57D65AA9E9169D718D4 /* Utilities */ = {
			isa = PBXGroup;
			children = (
				B70A949EC9968CDF272700E9 /* ApplicationMover.swift */,
				B064C99EE5DA4962A7F22FAE /* CLIInstaller.swift */,
				98391DF1E3B55563B600D80B /* GitAppLauncher.swift */,
				6ACBFBAF374536E67AD5450D /* ProcessKiller.swift */,
				D080A45F77304ED1C4440A6C /* SettingsOpener.swift */,
				498F9E8FEF3E9B8E73AA0F48 /* TerminalLauncher.swift */,
				208F77B027CC4BF2D98C8077 /* ViewExtensions.swift */,
			);
			path = Utilities;
			sourceTree = "<group>";
		};
		F584DD2AC85E725662F806A5 /* Utilities */ = {
			isa = PBXGroup;
			children = (
				EC0150F19CE64A9C7F3E4615 /* AppColors.swift */,
				D9EE2622B144737B962DEB74 /* CommonViewModifiers.swift */,
				9830351550A4323D1F35FB49 /* View+Cursor.swift */,
			);
			path = Utilities;
			sourceTree = "<group>";
		};
/* End PBXGroup section */

/* Begin PBXNativeTarget section */
		27BDFF233091E3DE85D444F5 /* TmuxIdeTests */ = {
			isa = PBXNativeTarget;
			buildConfigurationList = D1EC712B9F13F8C688DAEA9F /* Build configuration list for PBXNativeTarget "TmuxIdeTests" */;
			buildPhases = (
				F94B87B63D5667632D6841A6 /* Sources */,
			);
			buildRules = (
			);
			dependencies = (
				10170504BF323CC86EC23FEE /* PBXTargetDependency */,
			);
			name = TmuxIdeTests;
			packageProductDependencies = (
			);
			productName = TmuxIdeTests;
			productReference = 38678D765D5046D680700A8B /* TmuxIdeTests.xctest */;
			productType = "com.apple.product-type.bundle.unit-test";
		};
		2D2A0C2506A0230C4096DD67 /* TmuxIde */ = {
			isa = PBXNativeTarget;
			buildConfigurationList = E193C39A50A363935C30227B /* Build configuration list for PBXNativeTarget "TmuxIde" */;
			buildPhases = (
				5B8E0384DC7CBBF823300D07 /* Sources */,
				184E09FDAD2117400A9E818E /* Resources */,
			);
			buildRules = (
			);
			dependencies = (
			);
			name = TmuxIde;
			packageProductDependencies = (
			);
			productName = TmuxIde;
			productReference = CF743056F6D495EB52845E08 /* TmuxIde.app */;
			productType = "com.apple.product-type.application";
		};
/* End PBXNativeTarget section */

/* Begin PBXProject section */
		1FCB0FB1C82AEBEB96ABB2BA /* Project object */ = {
			isa = PBXProject;
			attributes = {
				BuildIndependentTargetsInParallel = YES;
				LastUpgradeCheck = 1600;
				TargetAttributes = {
					2D2A0C2506A0230C4096DD67 = {
						ProvisioningStyle = Automatic;
					};
				};
			};
			buildConfigurationList = EB7341DCF9CAC9BD49093AA0 /* Build configuration list for PBXProject "TmuxIde" */;
			developmentRegion = en;
			hasScannedForEncodings = 0;
			knownRegions = (
				Base,
				en,
			);
			mainGroup = 0517DB20D9E61087D84874F5;
			minimizedProjectReferenceProxies = 1;
			preferredProjectObjectVersion = 77;
			productRefGroup = 8CABD2E326CC76F520454B84 /* Products */;
			projectDirPath = "";
			projectRoot = "";
			targets = (
				2D2A0C2506A0230C4096DD67 /* TmuxIde */,
				27BDFF233091E3DE85D444F5 /* TmuxIdeTests */,
			);
		};
/* End PBXProject section */

/* Begin PBXResourcesBuildPhase section */
		184E09FDAD2117400A9E818E /* Resources */ = {
			isa = PBXResourcesBuildPhase;
			buildActionMask = 2147483647;
			files = (
				6385D938DB85C8E8FE616DA0 /* Assets.xcassets in Resources */,
			);
			runOnlyForDeploymentPostprocessing = 0;
		};
/* End PBXResourcesBuildPhase section */

/* Begin PBXSourcesBuildPhase section */
		5B8E0384DC7CBBF823300D07 /* Sources */ = {
			isa = PBXSourcesBuildPhase;
			buildActionMask = 2147483647;
			files = (
				A1D23EA6B3FD8FDAD8D843AD /* APIEndpoints.swift in Sources */,
				2B5415C94ADF930181927584 /* AXElement.swift in Sources */,
				74A31F7A48966F51F2072371 /* AXPermissions.swift in Sources */,
				7ECCC7AEA6075A5743FD4E0F /* AboutView.swift in Sources */,
				18E24AA6B513D923F90FDB92 /* AdvancedSettingsView.swift in Sources */,
				87945399AA5FB5C11DC6EAE8 /* AppColors.swift in Sources */,
				E2EE7C04ACC21A27B5A5D928 /* AppConstants.swift in Sources */,
				04EA7EEB722DD6EED5070365 /* AppPreferences.swift in Sources */,
				BC1C35583EC1CC34CA493DD0 /* AppleScriptExecutor.swift in Sources */,
				FB80BCFCF54187C7C2AAA855 /* AppleScriptSecurity.swift in Sources */,
				FB90F074244B642B6E3ED5FC /* ApplicationMover.swift in Sources */,
				AA55BD6F0DAED242551FE4D9 /* AuthConfig.swift in Sources */,
				9771E9A550ADD7DA596EE143 /* BundleIdentifiers.swift in Sources */,
				FE704D879021B8897FCFDD7D /* CLIInstallationSection.swift in Sources */,
				F16705669BC3B5F37B1E6B83 /* CLIInstaller.swift in Sources */,
				7B9735ABECF6ECE3BF7CAE3E /* ClickableURLView.swift in Sources */,
				BB67EA14CA342BE1811567EE /* CloudflareIntegrationSection.swift in Sources */,
				F843E2957F6C643C520CDC68 /* CloudflareService.swift in Sources */,
				CCB913DF7C8E3DD54B00FA2C /* CommonViewModifiers.swift in Sources */,
				E0B4D7B303F2D90D0EF44A14 /* ConfigManager.swift in Sources */,
				60D6F217FAD0227B41C53DD1 /* ConfigurationEnums.swift in Sources */,
				F395E0CEBBAE31FF0844F92A /* ContinuationWrapper.swift in Sources */,
				07348C44272CD038D4BC6FE9 /* CustomMenuWindow.swift in Sources */,
				26CB6F85A17BE0E3ACFB96B6 /* DashboardAccessMode.swift in Sources */,
				84E0960CBE17CCC43DB6ACFD /* DebugConfig.swift in Sources */,
				8629152C4E07B64B8213F878 /* DebugSettingsView.swift in Sources */,
				C6E38D377260D986912E1EC7 /* DockIconManager.swift in Sources */,
				202D395A1D8DBD0FED212969 /* EnvironmentKeys.swift in Sources */,
				7E14733D9ADB5670C8F45D88 /* EnvironmentValues+Services.swift in Sources */,
				4191F8E93AFEDC87F3032474 /* ErrorHandling.swift in Sources */,
				78BB5C1D41B999E77864653C /* ErrorMessages.swift in Sources */,
				31500BCAF96A1485B3244119 /* FilePathConstants.swift in Sources */,
				095452D74420B74361801DBB /* GeneralSettingsView.swift in Sources */,
				2B0C89A33EB95DD98E8EC2BF /* GitAppHelper.swift in Sources */,
				AE9852C60E2B8F56EA442B33 /* GitAppLauncher.swift in Sources */,
				CEE8D865AE344A0E2509C778 /* GitBranchWorktreeSelector.swift in Sources */,
				28D6D5FB25C4068CFE9B64C4 /* GitInfo.swift in Sources */,
				73479D8D39910D873F509A15 /* GitRepository.swift in Sources */,
				821964C00B5BCEA1B9D75931 /* GitRepositoryMonitor.swift in Sources */,
				4E8F7D89B79CB522043633BE /* GitRepositoryRow.swift in Sources */,
				8C68B9DD1883AAF92582B3BD /* GlowingAppIcon.swift in Sources */,
				34219195ACB9240E2E192593 /* HelpTooltip.swift in Sources */,
				1D850DCC9642080AAC9066F1 /* IntegrationStubs.swift in Sources */,
				C0EE32AF729DF145233162A8 /* IsRunningPreviews.swift in Sources */,
				B4CE57DB2234F507FA5A394F /* JSONValue.swift in Sources */,
				8D4927D140EAD6E00B885AF2 /* KeychainConstants.swift in Sources */,
				11CAC220AE30D50AF153F687 /* MenuActionBar.swift in Sources */,
				AE7D020E2A340651CCD256CB /* MenuStyles.swift in Sources */,
				4128BE0660CDF81EE4D3A1BE /* NSImage+Resize.swift in Sources */,
				DCC05B30B9CB13ED68237806 /* NetworkConstants.swift in Sources */,
				0016E06A0DB8DB96D60B1120 /* NetworkMonitor.swift in Sources */,
				05DC7C4E979C42FDC50E7BB7 /* NetworkTypes.swift in Sources */,
				8CB9FE390E5003FECEC37A21 /* NetworkUtility.swift in Sources */,
				7108EF6A4AD765C559395E23 /* NgrokService.swift in Sources */,
				79DAF1A79C31C227D9222A30 /* NotificationNames.swift in Sources */,
				5943773037ABDC5D60535386 /* NotificationService.swift in Sources */,
				A57DDE96107BDC29E2104BFC /* NotificationSettingsView.swift in Sources */,
				BC2BE20D566F91FE1154955E /* PathSuggestion.swift in Sources */,
				93408AF818951232FAD0525A /* PermissionChecker.swift in Sources */,
				0A2541533F7C788ED6C2D4F6 /* PermissionsSection.swift in Sources */,
				D6038B86EA52A7FBE7BB2530 /* PortConflictResolver.swift in Sources */,
				BE9788536D88964D694049B5 /* PowerManagementService.swift in Sources */,
				D0A5CCF9E6828BF5383AE03C /* Process+ParentTermination.swift in Sources */,
				F119425DFE9C1E582DBE8BF6 /* ProcessKiller.swift in Sources */,
				A8462AF41814A49B06DA6806 /* ProcessTracker.swift in Sources */,
				A7B7A2B7D39AA4B4A8A53D23 /* QuickStartCommand.swift in Sources */,
				5C74C82FAD93A1A38DC18649 /* QuickStartSettingsSection.swift in Sources */,
				81A073C8DBA04A9D472E3163 /* QuickStartSettingsView.swift in Sources */,
				FBB41EF42D38B23C63D409FF /* RemoteAccessConstants.swift in Sources */,
				DED017BD96F91ADC383C8F33 /* RemoteAccessSettingsView.swift in Sources */,
				0C8EE56BAB404279978D3C02 /* RepositoryDiscoveryService.swift in Sources */,
				6E779FC307828EDC1174F781 /* RepositorySettingsSection.swift in Sources */,
				1986C9B1C2B893F3A809464C /* SecurityPermissionsSettingsView.swift in Sources */,
				80239956B3B2A5530142335F /* ServerConfigurationComponents.swift in Sources */,
				FC10C0CAEAE64F03EBBA9AE8 /* ServerManagerShim.swift in Sources */,
				219C443D240B2F738DEB3822 /* SessionInfo.swift in Sources */,
				60B6A8BAC57ACA93E7FC4C29 /* SettingsOpener.swift in Sources */,
				B05305BE0DEF3C8D83844F61 /* SettingsTab.swift in Sources */,
				5B341ACC9661FD64F3AD3B6A /* SettingsView.swift in Sources */,
				7B85C319AD1EB34E933C6680 /* SettingsViewsStubs.swift in Sources */,
				B0439297D3AE1CC640DB1CAC /* SharedComponents.swift in Sources */,
				57E33FC6CCF47809EF4563B6 /* ShimmerView.swift in Sources */,
				A3B2DB69B757BF3628A6F242 /* SideRoundedRectangle.swift in Sources */,
				6AB8BDBA06EDB79863A72BED /* StartupManager.swift in Sources */,
				06BAA025645C4B6842E39213 /* StatusBarController.swift in Sources */,
				98BAB085DA7BEC406AAB87F6 /* StatusBarIconController.swift in Sources */,
				8F24B3BB3DE5CD1FB8F19946 /* StatusBarMenuConfiguration.swift in Sources */,
				5DA8C8A7804CE93557D2FCA6 /* StatusBarMenuManager.swift in Sources */,
				2DEBE669AF97F71E4D5E184E /* SystemPermissionManager.swift in Sources */,
				08CC8EAE1EA5763B470B20B8 /* TailscaleServeStatusService.swift in Sources */,
				B165B84ED971E41B7A2BD109 /* TailscaleService.swift in Sources */,
				2B0F331AAB879A445CB55514 /* TailscaleURLHelper.swift in Sources */,
				1BB2AAA234F9A61CA93A5918 /* TerminalLauncher.swift in Sources */,
				7BA2EEC0276BA972839F8630 /* TmuxIdeApp.swift in Sources */,
				77704DD09D487FC45F716995 /* TmuxIdeMenuView.swift in Sources */,
				864A68DA5D73A111E1C4746A /* TmuxSessionMonitor.swift in Sources */,
				0BF80A9F3F8A723B18736398 /* TooltipProvider.swift in Sources */,
				2CF8555A15BEF162CBBCC002 /* UIStrings.swift in Sources */,
				C89FFE9E0D6D4DEF67567E77 /* URLConstants.swift in Sources */,
				2EB6FC87C4C49A910A192266 /* UpdateChannel.swift in Sources */,
				38D01730FE3B871B1C08B799 /* UserDefaultsKeys.swift in Sources */,
				4DA804A7101CFADDFE5D87D0 /* View+Cursor.swift in Sources */,
				4CB5ABD7A5A931C8F61CAC4F /* ViewExtensions.swift in Sources */,
				59BD073F337B43D3F7E94436 /* WindowCenteringHelper.swift in Sources */,
				07311CDDD3A08D9F698DE646 /* WindowEnumerator.swift in Sources */,
				B06DC2AE08D24C14E9FBD783 /* WindowFocuser.swift in Sources */,
				5D55BE578335BBC116A8D9C5 /* WindowHighlightEffect.swift in Sources */,
				8D9427352C84760B25856992 /* WindowInfo.swift in Sources */,
				D38CE90914B9E3A6B58ABF6B /* WindowMatcher.swift in Sources */,
				50BCA3E13F575A04AFF33C31 /* WindowTracker.swift in Sources */,
				6532CC274BE49FF8DCEB9F85 /* Worktree.swift in Sources */,
				243000072E9D4A42D08D3028 /* WorktreeSelectionView.swift in Sources */,
				6535A886F0FA5CA8AFA3E156 /* WorktreeService.swift in Sources */,
			);
			runOnlyForDeploymentPostprocessing = 0;
		};
		F94B87B63D5667632D6841A6 /* Sources */ = {
			isa = PBXSourcesBuildPhase;
			buildActionMask = 2147483647;
			files = (
				1CE21ABE68B0F5DF23C747CE /* TmuxIdeTests.swift in Sources */,
			);
			runOnlyForDeploymentPostprocessing = 0;
		};
/* End PBXSourcesBuildPhase section */

/* Begin PBXTargetDependency section */
		10170504BF323CC86EC23FEE /* PBXTargetDependency */ = {
			isa = PBXTargetDependency;
			target = 2D2A0C2506A0230C4096DD67 /* TmuxIde */;
			targetProxy = 4B2E710F04CADDEA3C0C88E9 /* PBXContainerItemProxy */;
		};
/* End PBXTargetDependency section */

/* Begin XCBuildConfiguration section */
		1050C1556E21B06AC5BC1E83 /* Debug */ = {
			isa = XCBuildConfiguration;
			buildSettings = {
				ALWAYS_SEARCH_USER_PATHS = NO;
				CLANG_ANALYZER_NONNULL = YES;
				CLANG_ANALYZER_NUMBER_OBJECT_CONVERSION = YES_AGGRESSIVE;
				CLANG_CXX_LANGUAGE_STANDARD = "gnu++14";
				CLANG_CXX_LIBRARY = "libc++";
				CLANG_ENABLE_MODULES = YES;
				CLANG_ENABLE_OBJC_ARC = YES;
				CLANG_ENABLE_OBJC_WEAK = YES;
				CLANG_WARN_BLOCK_CAPTURE_AUTORELEASING = YES;
				CLANG_WARN_BOOL_CONVERSION = YES;
				CLANG_WARN_COMMA = YES;
				CLANG_WARN_CONSTANT_CONVERSION = YES;
				CLANG_WARN_DEPRECATED_OBJC_IMPLEMENTATIONS = YES;
				CLANG_WARN_DIRECT_OBJC_ISA_USAGE = YES_ERROR;
				CLANG_WARN_DOCUMENTATION_COMMENTS = YES;
				CLANG_WARN_EMPTY_BODY = YES;
				CLANG_WARN_ENUM_CONVERSION = YES;
				CLANG_WARN_INFINITE_RECURSION = YES;
				CLANG_WARN_INT_CONVERSION = YES;
				CLANG_WARN_NON_LITERAL_NULL_CONVERSION = YES;
				CLANG_WARN_OBJC_IMPLICIT_RETAIN_SELF = YES;
				CLANG_WARN_OBJC_LITERAL_CONVERSION = YES;
				CLANG_WARN_OBJC_ROOT_CLASS = YES_ERROR;
				CLANG_WARN_QUOTED_INCLUDE_IN_FRAMEWORK_HEADER = YES;
				CLANG_WARN_RANGE_LOOP_ANALYSIS = YES;
				CLANG_WARN_STRICT_PROTOTYPES = YES;
				CLANG_WARN_SUSPICIOUS_MOVE = YES;
				CLANG_WARN_UNGUARDED_AVAILABILITY = YES_AGGRESSIVE;
				CLANG_WARN_UNREACHABLE_CODE = YES;
				CLANG_WARN__DUPLICATE_METHOD_MATCH = YES;
				COPY_PHASE_STRIP = NO;
				DEBUG_INFORMATION_FORMAT = dwarf;
				ENABLE_STRICT_OBJC_MSGSEND = YES;
				ENABLE_TESTABILITY = YES;
				GCC_C_LANGUAGE_STANDARD = gnu11;
				GCC_DYNAMIC_NO_PIC = NO;
				GCC_NO_COMMON_BLOCKS = YES;
				GCC_OPTIMIZATION_LEVEL = 0;
				GCC_PREPROCESSOR_DEFINITIONS = (
					"$(inherited)",
					"DEBUG=1",
				);
				GCC_WARN_64_TO_32_BIT_CONVERSION = YES;
				GCC_WARN_ABOUT_RETURN_TYPE = YES_ERROR;
				GCC_WARN_UNDECLARED_SELECTOR = YES;
				GCC_WARN_UNINITIALIZED_AUTOS = YES_AGGRESSIVE;
				GCC_WARN_UNUSED_FUNCTION = YES;
				GCC_WARN_UNUSED_VARIABLE = YES;
				MACOSX_DEPLOYMENT_TARGET = 14.0;
				MTL_ENABLE_DEBUG_INFO = INCLUDE_SOURCE;
				MTL_FAST_MATH = YES;
				ONLY_ACTIVE_ARCH = YES;
				PRODUCT_NAME = "$(TARGET_NAME)";
				SDKROOT = macosx;
				SWIFT_ACTIVE_COMPILATION_CONDITIONS = DEBUG;
				SWIFT_OPTIMIZATION_LEVEL = "-Onone";
				SWIFT_VERSION = 6.0;
			};
			name = Debug;
		};
		4C590A2E99B24B004FFB3634 /* Debug */ = {
			isa = XCBuildConfiguration;
			buildSettings = {
				ASSETCATALOG_COMPILER_APPICON_NAME = AppIcon;
				CODE_SIGN_ENTITLEMENTS = TmuxIde/VibeTunnel/TmuxIde.entitlements;
				CODE_SIGN_STYLE = Automatic;
				COMBINE_HIDPI_IMAGES = YES;
				CURRENT_PROJECT_VERSION = 1;
				ENABLE_HARDENED_RUNTIME = YES;
				GENERATE_INFOPLIST_FILE = NO;
				INFOPLIST_FILE = TmuxIde/VibeTunnel/Info.plist;
				LD_RUNPATH_SEARCH_PATHS = (
					"$(inherited)",
					"@executable_path/../Frameworks",
				);
				MARKETING_VERSION = 2.0.0;
				PRODUCT_BUNDLE_IDENTIFIER = dev.tmuxide.app;
				PRODUCT_NAME = "tmux-ide";
				SDKROOT = macosx;
				SWIFT_EMIT_LOC_STRINGS = YES;
			};
			name = Debug;
		};
		4D11B158A5B48CD368CD2BD4 /* Debug */ = {
			isa = XCBuildConfiguration;
			buildSettings = {
				BUNDLE_LOADER = "$(TEST_HOST)";
				COMBINE_HIDPI_IMAGES = YES;
				LD_RUNPATH_SEARCH_PATHS = (
					"$(inherited)",
					"@executable_path/../Frameworks",
					"@loader_path/../Frameworks",
				);
				PRODUCT_BUNDLE_IDENTIFIER = dev.tmuxide.TmuxIdeTests;
				SDKROOT = macosx;
				TEST_HOST = "$(BUILT_PRODUCTS_DIR)/TmuxIde.app/Contents/MacOS/TmuxIde";
			};
			name = Debug;
		};
		81F43938F5FB8D4C37238B60 /* Release */ = {
			isa = XCBuildConfiguration;
			buildSettings = {
				ASSETCATALOG_COMPILER_APPICON_NAME = AppIcon;
				CODE_SIGN_ENTITLEMENTS = TmuxIde/VibeTunnel/TmuxIde.entitlements;
				CODE_SIGN_STYLE = Automatic;
				COMBINE_HIDPI_IMAGES = YES;
				CURRENT_PROJECT_VERSION = 1;
				ENABLE_HARDENED_RUNTIME = YES;
				GENERATE_INFOPLIST_FILE = NO;
				INFOPLIST_FILE = TmuxIde/VibeTunnel/Info.plist;
				LD_RUNPATH_SEARCH_PATHS = (
					"$(inherited)",
					"@executable_path/../Frameworks",
				);
				MARKETING_VERSION = 2.0.0;
				PRODUCT_BUNDLE_IDENTIFIER = dev.tmuxide.app;
				PRODUCT_NAME = "tmux-ide";
				SDKROOT = macosx;
				SWIFT_EMIT_LOC_STRINGS = YES;
			};
			name = Release;
		};
		B7A09A5834E8922EA34BEB87 /* Release */ = {
			isa = XCBuildConfiguration;
			buildSettings = {
				ALWAYS_SEARCH_USER_PATHS = NO;
				CLANG_ANALYZER_NONNULL = YES;
				CLANG_ANALYZER_NUMBER_OBJECT_CONVERSION = YES_AGGRESSIVE;
				CLANG_CXX_LANGUAGE_STANDARD = "gnu++14";
				CLANG_CXX_LIBRARY = "libc++";
				CLANG_ENABLE_MODULES = YES;
				CLANG_ENABLE_OBJC_ARC = YES;
				CLANG_ENABLE_OBJC_WEAK = YES;
				CLANG_WARN_BLOCK_CAPTURE_AUTORELEASING = YES;
				CLANG_WARN_BOOL_CONVERSION = YES;
				CLANG_WARN_COMMA = YES;
				CLANG_WARN_CONSTANT_CONVERSION = YES;
				CLANG_WARN_DEPRECATED_OBJC_IMPLEMENTATIONS = YES;
				CLANG_WARN_DIRECT_OBJC_ISA_USAGE = YES_ERROR;
				CLANG_WARN_DOCUMENTATION_COMMENTS = YES;
				CLANG_WARN_EMPTY_BODY = YES;
				CLANG_WARN_ENUM_CONVERSION = YES;
				CLANG_WARN_INFINITE_RECURSION = YES;
				CLANG_WARN_INT_CONVERSION = YES;
				CLANG_WARN_NON_LITERAL_NULL_CONVERSION = YES;
				CLANG_WARN_OBJC_IMPLICIT_RETAIN_SELF = YES;
				CLANG_WARN_OBJC_LITERAL_CONVERSION = YES;
				CLANG_WARN_OBJC_ROOT_CLASS = YES_ERROR;
				CLANG_WARN_QUOTED_INCLUDE_IN_FRAMEWORK_HEADER = YES;
				CLANG_WARN_RANGE_LOOP_ANALYSIS = YES;
				CLANG_WARN_STRICT_PROTOTYPES = YES;
				CLANG_WARN_SUSPICIOUS_MOVE = YES;
				CLANG_WARN_UNGUARDED_AVAILABILITY = YES_AGGRESSIVE;
				CLANG_WARN_UNREACHABLE_CODE = YES;
				CLANG_WARN__DUPLICATE_METHOD_MATCH = YES;
				COPY_PHASE_STRIP = NO;
				DEBUG_INFORMATION_FORMAT = "dwarf-with-dsym";
				ENABLE_NS_ASSERTIONS = NO;
				ENABLE_STRICT_OBJC_MSGSEND = YES;
				GCC_C_LANGUAGE_STANDARD = gnu11;
				GCC_NO_COMMON_BLOCKS = YES;
				GCC_WARN_64_TO_32_BIT_CONVERSION = YES;
				GCC_WARN_ABOUT_RETURN_TYPE = YES_ERROR;
				GCC_WARN_UNDECLARED_SELECTOR = YES;
				GCC_WARN_UNINITIALIZED_AUTOS = YES_AGGRESSIVE;
				GCC_WARN_UNUSED_FUNCTION = YES;
				GCC_WARN_UNUSED_VARIABLE = YES;
				MACOSX_DEPLOYMENT_TARGET = 14.0;
				MTL_ENABLE_DEBUG_INFO = NO;
				MTL_FAST_MATH = YES;
				PRODUCT_NAME = "$(TARGET_NAME)";
				SDKROOT = macosx;
				SWIFT_COMPILATION_MODE = wholemodule;
				SWIFT_OPTIMIZATION_LEVEL = "-O";
				SWIFT_VERSION = 6.0;
			};
			name = Release;
		};
		BC6D3E288AD6F84FA7F9C947 /* Release */ = {
			isa = XCBuildConfiguration;
			buildSettings = {
				BUNDLE_LOADER = "$(TEST_HOST)";
				COMBINE_HIDPI_IMAGES = YES;
				LD_RUNPATH_SEARCH_PATHS = (
					"$(inherited)",
					"@executable_path/../Frameworks",
					"@loader_path/../Frameworks",
				);
				PRODUCT_BUNDLE_IDENTIFIER = dev.tmuxide.TmuxIdeTests;
				SDKROOT = macosx;
				TEST_HOST = "$(BUILT_PRODUCTS_DIR)/TmuxIde.app/Contents/MacOS/TmuxIde";
			};
			name = Release;
		};
/* End XCBuildConfiguration section */

/* Begin XCConfigurationList section */
		D1EC712B9F13F8C688DAEA9F /* Build configuration list for PBXNativeTarget "TmuxIdeTests" */ = {
			isa = XCConfigurationList;
			buildConfigurations = (
				4D11B158A5B48CD368CD2BD4 /* Debug */,
				BC6D3E288AD6F84FA7F9C947 /* Release */,
			);
			defaultConfigurationIsVisible = 0;
			defaultConfigurationName = Debug;
		};
		E193C39A50A363935C30227B /* Build configuration list for PBXNativeTarget "TmuxIde" */ = {
			isa = XCConfigurationList;
			buildConfigurations = (
				4C590A2E99B24B004FFB3634 /* Debug */,
				81F43938F5FB8D4C37238B60 /* Release */,
			);
			defaultConfigurationIsVisible = 0;
			defaultConfigurationName = Debug;
		};
		EB7341DCF9CAC9BD49093AA0 /* Build configuration list for PBXProject "TmuxIde" */ = {
			isa = XCConfigurationList;
			buildConfigurations = (
				1050C1556E21B06AC5BC1E83 /* Debug */,
				B7A09A5834E8922EA34BEB87 /* Release */,
			);
			defaultConfigurationIsVisible = 0;
			defaultConfigurationName = Debug;
		};
/* End XCConfigurationList section */
	};
	rootObject = 1FCB0FB1C82AEBEB96ABB2BA /* Project object */;
}
